
Microsoft Visual Studio Solution File, Format Version 12.00
# Visual Studio 15
VisualStudioVersion = 15.0.27130.2036
MinimumVisualStudioVersion = 10.0.40219.1
Project("{FAE04EC0-301F-11D3-BF4B-00C04F79EFBC}") = "Koromo Copy", "Koromo Copy.csproj", "{41065EA7-BD36-4D4D-848E-D35F5A34CCAD}"
EndProject
Project("{FAE04EC0-301F-11D3-BF4B-00C04F79EFBC}") = "Koromo Copy PlugIn", "..\Koromo Copy PlugIn\Koromo Copy PlugIn.csproj", "{006C0A9E-0729-47C1-836B-E407FA973A2D}"
EndProject
Project("{FAE04EC0-301F-11D3-BF4B-00C04F79EFBC}") = "Koromo Copy Base", "..\Koromo Copy Base\Koromo Copy Base.csproj", "{34BBFAF4-C723-4E01-9BA2-4B90AE6ED3A7}"
EndProject
Project("{FAE04EC0-301F-11D3-BF4B-00C04F79EFBC}") = "Koromo Copy UX", "..\Koromo Copy UX\Koromo Copy UX.csproj", "{4C3EB57F-E0D7-4333-AF7D-3B5452BB1A8B}"
EndProject
Project("{FAE04EC0-301F-11D3-BF4B-00C04F79EFBC}") = "Koromo Copy UX2", "..\Koromo Copy UX2\Koromo Copy UX2.csproj", "{F38F146A-A4A8-4072-A999-040F46CAC3BB}"
EndProject
Global
	GlobalSection(SolutionConfigurationPlatforms) = preSolution
		Debug|Any CPU = Debug|Any CPU
		Release|Any CPU = Release|Any CPU
	EndGlobalSection
	GlobalSection(ProjectConfigurationPlatforms) = postSolution
		{41065EA7-BD36-4D4D-848E-D35F5A34CCAD}.Debug|Any CPU.ActiveCfg = Debug|Any CPU
		{41065EA7-BD36-4D4D-848E-D35F5A34CCAD}.Debug|Any CPU.Build.0 = Debug|Any CPU
		{41065EA7-BD36-4D4D-848E-D35F5A34CCAD}.Release|Any CPU.ActiveCfg = Release|Any CPU
		{41065EA7-BD36-4D4D-848E-D35F5A34CCAD}.Release|Any CPU.Build.0 = Release|Any CPU
		{006C0A9E-0729-47C1-836B-E407FA973A2D}.Debug|Any CPU.ActiveCfg = Debug|Any CPU
		{006C0A9E-0729-47C1-836B-E407FA973A2D}.Debug|Any CPU.Build.0 = Debug|Any CPU
		{006C0A9E-0729-47C1-836B-E407FA973A2D}.Release|Any CPU.ActiveCfg = Release|Any CPU
		{006C0A9E-0729-47C1-836B-E407FA973A2D}.Release|Any CPU.Build.0 = Release|Any CPU
		{34BBFAF4-C723-4E01-9BA2-4B90AE6ED3A7}.Debug|Any CPU.ActiveCfg = Debug|Any CPU
		{34BBFAF4-C723-4E01-9BA2-4B90AE6ED3A7}.Debug|Any CPU.Build.0 = Debug|Any CPU
		{34BBFAF4-C723-4E01-9BA2-4B90AE6ED3A7}.Release|Any CPU.ActiveCfg = Release|Any CPU
		{34BBFAF4-C723-4E01-9BA2-4B90AE6ED3A7}.Release|Any CPU.Build.0 = Release|Any CPU
		{4C3EB57F-E0D7-4333-AF7D-3B5452BB1A8B}.Debug|Any CPU.ActiveCfg = Debug|Any CPU
		{4C3EB57F-E0D7-4333-AF7D-3B5452BB1A8B}.Debug|Any CPU.Build.0 = Debug|Any CPU
		{4C3EB57F-E0D7-4333-AF7D-3B5452BB1A8B}.Release|Any CPU.ActiveCfg = Release|Any CPU
		{4C3EB57F-E0D7-4333-AF7D-3B5452BB1A8B}.Release|Any CPU.Build.0 = Release|Any CPU
		{F38F146A-A4A8-4072-A999-040F46CAC3BB}.Debug|Any CPU.ActiveCfg = Debug|Any CPU
		{F38F146A-A4A8-4072-A999-040F46CAC3BB}.Debug|Any CPU.Build.0 = Debug|Any CPU
		{F38F146A-A4A8-4072-A999-040F46CAC3BB}.Release|Any CPU.ActiveCfg = Release|Any CPU
		{F38F146A-A4A8-4072-A999-040F46CAC3BB}.Release|Any CPU.Build.0 = Release|Any CPU
	EndGlobalSection
	GlobalSection(SolutionProperties) = preSolution
		HideSolutionNode = FALSE
	EndGlobalSection
	GlobalSection(ExtensibilityGlobals) = postSolution
		SolutionGuid = {BF0AF5C7-E331-42C3-BD12-0C2F30600242}
	EndGlobalSection
EndGlobal
