
Microsoft Visual Studio Solution File, Format Version 12.00
# Visual Studio 15
VisualStudioVersion = 15.0.27130.2036
MinimumVisualStudioVersion = 10.0.40219.1
Project("{FAE04EC0-301F-11D3-BF4B-00C04F79EFBC}") = "TestPlugin", "TestPlugin.csproj", "{1AEA1055-D0BF-48E4-B217-C8FA148F316E}"
EndProject
Global
	GlobalSection(SolutionConfigurationPlatforms) = preSolution
		Debug|Any CPU = Debug|Any CPU
		Release|Any CPU = Release|Any CPU
	EndGlobalSection
	GlobalSection(ProjectConfigurationPlatforms) = postSolution
		{1AEA1055-D0BF-48E4-B217-C8FA148F316E}.Debug|Any CPU.ActiveCfg = Debug|Any CPU
		{1AEA1055-D0BF-48E4-B217-C8FA148F316E}.Debug|Any CPU.Build.0 = Debug|Any CPU
		{1AEA1055-D0BF-48E4-B217-C8FA148F316E}.Release|Any CPU.ActiveCfg = Release|Any CPU
		{1AEA1055-D0BF-48E4-B217-C8FA148F316E}.Release|Any CPU.Build.0 = Release|Any CPU
	EndGlobalSection
	GlobalSection(SolutionProperties) = preSolution
		HideSolutionNode = FALSE
	EndGlobalSection
	GlobalSection(ExtensibilityGlobals) = postSolution
		SolutionGuid = {F2080498-92FD-4C9B-BE43-BCD970BCD893}
	EndGlobalSection
EndGlobal
