
Microsoft Visual Studio Solution File, Format Version 12.00
# Visual Studio 15
VisualStudioVersion = 15.0.27130.2036
MinimumVisualStudioVersion = 10.0.40219.1
Project("{FAE04EC0-301F-11D3-BF4B-00C04F79EFBC}") = "ZipListing", "ZipListing.csproj", "{391A674D-B65B-4A91-8A96-219CB9A5328C}"
EndProject
Global
	GlobalSection(SolutionConfigurationPlatforms) = preSolution
		Debug|Any CPU = Debug|Any CPU
		Release|Any CPU = Release|Any CPU
	EndGlobalSection
	GlobalSection(ProjectConfigurationPlatforms) = postSolution
		{391A674D-B65B-4A91-8A96-219CB9A5328C}.Debug|Any CPU.ActiveCfg = Debug|Any CPU
		{391A674D-B65B-4A91-8A96-219CB9A5328C}.Debug|Any CPU.Build.0 = Debug|Any CPU
		{391A674D-B65B-4A91-8A96-219CB9A5328C}.Release|Any CPU.ActiveCfg = Release|Any CPU
		{391A674D-B65B-4A91-8A96-219CB9A5328C}.Release|Any CPU.Build.0 = Release|Any CPU
	EndGlobalSection
	GlobalSection(SolutionProperties) = preSolution
		HideSolutionNode = FALSE
	EndGlobalSection
	GlobalSection(ExtensibilityGlobals) = postSolution
		SolutionGuid = {536B73C9-D62B-4E38-9AA1-B450B5EDD4A5}
	EndGlobalSection
EndGlobal
